// !$*UTF8*$!
{
	archiveVersion = 1;
	classes = {
	};
	objectVersion = 50;
	objects = {

/* Begin PBXBuildFile section */
		4D0943A529A930D700C40E27 /* Draw.swift in Sources */ = {isa = PBXBuildFile; fileRef = 4D0943A429A930D700C40E27 /* Draw.swift */; };
		4D0943A729A9342B00C40E27 /* SettingsViewModel.swift in Sources */ = {isa = PBXBuildFile; fileRef = 4D0943A629A9342B00C40E27 /* SettingsViewModel.swift */; };
		4D0943AC29ABF8D000C40E27 /* Localizable.strings in Resources */ = {isa = PBXBuildFile; fileRef = 4D0943AE29ABF8D000C40E27 /* Localizable.strings */; };
		4D2C642A29F22C7C000AF59E /* Constants.swift in Sources */ = {isa = PBXBuildFile; fileRef = 4D2C642929F22C7C000AF59E /* Constants.swift */; };
		4D2C642C29F22C8F000AF59E /* Extensions.swift in Sources */ = {isa = PBXBuildFile; fileRef = 4D2C642B29F22C8F000AF59E /* Extensions.swift */; };
		4DA07C1122E748250029882D /* AppDelegate.swift in Sources */ = {isa = PBXBuildFile; fileRef = 4DA07C1022E748250029882D /* AppDelegate.swift */; };
		4DA07C1322E748250029882D /* MainController.swift in Sources */ = {isa = PBXBuildFile; fileRef = 4DA07C1222E748250029882D /* MainController.swift */; };
		4DA07C1822E748260029882D /* Assets.xcassets in Resources */ = {isa = PBXBuildFile; fileRef = 4DA07C1722E748260029882D /* Assets.xcassets */; };
		4DA07C1B22E748260029882D /* LaunchScreen.storyboard in Resources */ = {isa = PBXBuildFile; fileRef = 4DA07C1922E748260029882D /* LaunchScreen.storyboard */; };
		4DD83C9C22E74C58002933DE /* Anchors+Ext.swift in Sources */ = {isa = PBXBuildFile; fileRef = 4DD83C9B22E74C58002933DE /* Anchors+Ext.swift */; };
		4DD83C9E22E77953002933DE /* SettingsController.swift in Sources */ = {isa = PBXBuildFile; fileRef = 4DD83C9D22E77953002933DE /* SettingsController.swift */; };
		4DD83CA322E77D19002933DE /* MainView.swift in Sources */ = {isa = PBXBuildFile; fileRef = 4DD83CA222E77D19002933DE /* MainView.swift */; };
		4DD83CA522E7EE25002933DE /* SettingsView.swift in Sources */ = {isa = PBXBuildFile; fileRef = 4DD83CA422E7EE25002933DE /* SettingsView.swift */; };
		4DD83CA722E7F064002933DE /* AlertController.swift in Sources */ = {isa = PBXBuildFile; fileRef = 4DD83CA622E7F064002933DE /* AlertController.swift */; };
		4DD83CAB22E8CA81002933DE /* Drawing+Ext.swift in Sources */ = {isa = PBXBuildFile; fileRef = 4DD83CAA22E8CA81002933DE /* Drawing+Ext.swift */; };
		4DD83CAD22E8CB60002933DE /* MainHandlers+Ext.swift in Sources */ = {isa = PBXBuildFile; fileRef = 4DD83CAC22E8CB60002933DE /* MainHandlers+Ext.swift */; };
		4DD83CAF22E8CB89002933DE /* SavePhotoHandler+Ext.swift in Sources */ = {isa = PBXBuildFile; fileRef = 4DD83CAE22E8CB89002933DE /* SavePhotoHandler+Ext.swift */; };
		4DD83CB122E8CBD4002933DE /* MainDelegate+Ext.swift in Sources */ = {isa = PBXBuildFile; fileRef = 4DD83CB022E8CBD4002933DE /* MainDelegate+Ext.swift */; };
		4DD83CB322E8FE2F002933DE /* SettingsProtocol.swift in Sources */ = {isa = PBXBuildFile; fileRef = 4DD83CB222E8FE2F002933DE /* SettingsProtocol.swift */; };
		4DD83CB522E8FE87002933DE /* PreviewDraw+Ext.swift in Sources */ = {isa = PBXBuildFile; fileRef = 4DD83CB422E8FE87002933DE /* PreviewDraw+Ext.swift */; };
		4DD83CB722E8FEF9002933DE /* SettingsHandlers+Ext.swift in Sources */ = {isa = PBXBuildFile; fileRef = 4DD83CB622E8FEF9002933DE /* SettingsHandlers+Ext.swift */; };
		8DA6815726C750460091DBD0 /* CanvasViewModel.swift in Sources */ = {isa = PBXBuildFile; fileRef = 8DA6815626C750460091DBD0 /* CanvasViewModel.swift */; };
/* End PBXBuildFile section */

/* Begin PBXFileReference section */
		4D0943A429A930D700C40E27 /* Draw.swift */ = {isa = PBXFileReference; lastKnownFileType = sourcecode.swift; path = Draw.swift; sourceTree = "<group>"; };
		4D0943A629A9342B00C40E27 /* SettingsViewModel.swift */ = {isa = PBXFileReference; lastKnownFileType = sourcecode.swift; path = SettingsViewModel.swift; sourceTree = "<group>"; };
		4D0943AB29ABF7CE00C40E27 /* es-419 */ = {isa = PBXFileReference; lastKnownFileType = text.plist.strings; name = "es-419"; path = "es-419.lproj/LaunchScreen.strings"; sourceTree = "<group>"; };
		4D0943AD29ABF8D000C40E27 /* en */ = {isa = PBXFileReference; lastKnownFileType = text.plist.strings; name = en; path = en.lproj/Localizable.strings; sourceTree = "<group>"; };
		4D0943AF29ABF8D100C40E27 /* es-419 */ = {isa = PBXFileReference; lastKnownFileType = text.plist.strings; name = "es-419"; path = "es-419.lproj/Localizable.strings"; sourceTree = "<group>"; };
		4D0943D229B143B300C40E27 /* ru */ = {isa = PBXFileReference; lastKnownFileType = text.plist.strings; name = ru; path = ru.lproj/Localizable.strings; sourceTree = "<group>"; };
		4D0943D329B16E8000C40E27 /* fr */ = {isa = PBXFileReference; lastKnownFileType = text.plist.strings; name = fr; path = fr.lproj/Localizable.strings; sourceTree = "<group>"; };
		4D0943D429B1957A00C40E27 /* zh-Hans */ = {isa = PBXFileReference; lastKnownFileType = text.plist.strings; name = "zh-Hans"; path = "zh-Hans.lproj/Localizable.strings"; sourceTree = "<group>"; };
		4D2C642929F22C7C000AF59E /* Constants.swift */ = {isa = PBXFileReference; lastKnownFileType = sourcecode.swift; path = Constants.swift; sourceTree = "<group>"; };
		4D2C642B29F22C8F000AF59E /* Extensions.swift */ = {isa = PBXFileReference; lastKnownFileType = sourcecode.swift; path = Extensions.swift; sourceTree = "<group>"; };
		4DA07C0D22E748250029882D /* iDibujo.app */ = {isa = PBXFileReference; explicitFileType = wrapper.application; includeInIndex = 0; path = iDibujo.app; sourceTree = BUILT_PRODUCTS_DIR; };
		4DA07C1022E748250029882D /* AppDelegate.swift */ = {isa = PBXFileReference; lastKnownFileType = sourcecode.swift; path = AppDelegate.swift; sourceTree = "<group>"; };
		4DA07C1222E748250029882D /* MainController.swift */ = {isa = PBXFileReference; lastKnownFileType = sourcecode.swift; path = MainController.swift; sourceTree = "<group>"; };
		4DA07C1722E748260029882D /* Assets.xcassets */ = {isa = PBXFileReference; lastKnownFileType = folder.assetcatalog; path = Assets.xcassets; sourceTree = "<group>"; };
		4DA07C1A22E748260029882D /* Base */ = {isa = PBXFileReference; lastKnownFileType = file.storyboard; name = Base; path = Base.lproj/LaunchScreen.storyboard; sourceTree = "<group>"; };
		4DA07C1C22E748260029882D /* Info.plist */ = {isa = PBXFileReference; lastKnownFileType = text.plist.xml; path = Info.plist; sourceTree = "<group>"; };
		4DD83C9B22E74C58002933DE /* Anchors+Ext.swift */ = {isa = PBXFileReference; lastKnownFileType = sourcecode.swift; path = "Anchors+Ext.swift"; sourceTree = "<group>"; };
		4DD83C9D22E77953002933DE /* SettingsController.swift */ = {isa = PBXFileReference; lastKnownFileType = sourcecode.swift; path = SettingsController.swift; sourceTree = "<group>"; };
		4DD83CA222E77D19002933DE /* MainView.swift */ = {isa = PBXFileReference; lastKnownFileType = sourcecode.swift; path = MainView.swift; sourceTree = "<group>"; };
		4DD83CA422E7EE25002933DE /* SettingsView.swift */ = {isa = PBXFileReference; lastKnownFileType = sourcecode.swift; path = SettingsView.swift; sourceTree = "<group>"; };
		4DD83CA622E7F064002933DE /* AlertController.swift */ = {isa = PBXFileReference; lastKnownFileType = sourcecode.swift; path = AlertController.swift; sourceTree = "<group>"; };
		4DD83CAA22E8CA81002933DE /* Drawing+Ext.swift */ = {isa = PBXFileReference; lastKnownFileType = sourcecode.swift; path = "Drawing+Ext.swift"; sourceTree = "<group>"; };
		4DD83CAC22E8CB60002933DE /* MainHandlers+Ext.swift */ = {isa = PBXFileReference; lastKnownFileType = sourcecode.swift; path = "MainHandlers+Ext.swift"; sourceTree = "<group>"; };
		4DD83CAE22E8CB89002933DE /* SavePhotoHandler+Ext.swift */ = {isa = PBXFileReference; lastKnownFileType = sourcecode.swift; path = "SavePhotoHandler+Ext.swift"; sourceTree = "<group>"; };
		4DD83CB022E8CBD4002933DE /* MainDelegate+Ext.swift */ = {isa = PBXFileReference; lastKnownFileType = sourcecode.swift; path = "MainDelegate+Ext.swift"; sourceTree = "<group>"; };
		4DD83CB222E8FE2F002933DE /* SettingsProtocol.swift */ = {isa = PBXFileReference; lastKnownFileType = sourcecode.swift; path = SettingsProtocol.swift; sourceTree = "<group>"; };
		4DD83CB422E8FE87002933DE /* PreviewDraw+Ext.swift */ = {isa = PBXFileReference; lastKnownFileType = sourcecode.swift; path = "PreviewDraw+Ext.swift"; sourceTree = "<group>"; };
		4DD83CB622E8FEF9002933DE /* SettingsHandlers+Ext.swift */ = {isa = PBXFileReference; lastKnownFileType = sourcecode.swift; path = "SettingsHandlers+Ext.swift"; sourceTree = "<group>"; };
		8DA6815626C750460091DBD0 /* CanvasViewModel.swift */ = {isa = PBXFileReference; lastKnownFileType = sourcecode.swift; path = CanvasViewModel.swift; sourceTree = "<group>"; };
/* End PBXFileReference section */

/* Begin PBXFrameworksBuildPhase section */
		4DA07C0A22E748250029882D /* Frameworks */ = {
			isa = PBXFrameworksBuildPhase;
			buildActionMask = 2147483647;
			files = (
			);
			runOnlyForDeploymentPostprocessing = 0;
		};
/* End PBXFrameworksBuildPhase section */

/* Begin PBXGroup section */
		4D0943A829AAF41100C40E27 /* Localizables */ = {
			isa = PBXGroup;
			children = (
				4D0943AE29ABF8D000C40E27 /* Localizable.strings */,
			);
			path = Localizables;
			sourceTree = "<group>";
		};
		4D2C642829F22C54000AF59E /* Util */ = {
			isa = PBXGroup;
			children = (
				4D2C642929F22C7C000AF59E /* Constants.swift */,
			);
			path = Util;
			sourceTree = "<group>";
		};
		4DA07C0422E748250029882D = {
			isa = PBXGroup;
			children = (
				4DA07C0F22E748250029882D /* iDibujo */,
				4DA07C0E22E748250029882D /* Products */,
			);
			sourceTree = "<group>";
		};
		4DA07C0E22E748250029882D /* Products */ = {
			isa = PBXGroup;
			children = (
				4DA07C0D22E748250029882D /* iDibujo.app */,
			);
			name = Products;
			sourceTree = "<group>";
		};
		4DA07C0F22E748250029882D /* iDibujo */ = {
			isa = PBXGroup;
			children = (
				4D2C642829F22C54000AF59E /* Util */,
				8DA6815526C750330091DBD0 /* ViewModel */,
				4DD83C9F22E77CD2002933DE /* Model */,
				4DD83CA122E77CE1002933DE /* View */,
				4DD83CA022E77CDA002933DE /* Controller */,
				4D0943A829AAF41100C40E27 /* Localizables */,
				4DA07C1C22E748260029882D /* Info.plist */,
			);
			path = iDibujo;
			sourceTree = "<group>";
		};
		4DD83C9F22E77CD2002933DE /* Model */ = {
			isa = PBXGroup;
			children = (
				4D0943A429A930D700C40E27 /* Draw.swift */,
			);
			path = Model;
			sourceTree = "<group>";
		};
		4DD83CA022E77CDA002933DE /* Controller */ = {
			isa = PBXGroup;
			children = (
				4DA07C1022E748250029882D /* AppDelegate.swift */,
				4DD83CA822E8AA08002933DE /* Main */,
				4DD83CA922E8AA16002933DE /* Setting */,
			);
			path = Controller;
			sourceTree = "<group>";
		};
		4DD83CA122E77CE1002933DE /* View */ = {
			isa = PBXGroup;
			children = (
				4DD83C9B22E74C58002933DE /* Anchors+Ext.swift */,
				4DD83CA222E77D19002933DE /* MainView.swift */,
				4DD83CA422E7EE25002933DE /* SettingsView.swift */,
				4DA07C1722E748260029882D /* Assets.xcassets */,
				4DA07C1922E748260029882D /* LaunchScreen.storyboard */,
			);
			path = View;
			sourceTree = "<group>";
		};
		4DD83CA822E8AA08002933DE /* Main */ = {
			isa = PBXGroup;
			children = (
				4DD83CAA22E8CA81002933DE /* Drawing+Ext.swift */,
				4DA07C1222E748250029882D /* MainController.swift */,
				4DD83CAC22E8CB60002933DE /* MainHandlers+Ext.swift */,
				4DD83CAE22E8CB89002933DE /* SavePhotoHandler+Ext.swift */,
				4DD83CB022E8CBD4002933DE /* MainDelegate+Ext.swift */,
				4DD83CA622E7F064002933DE /* AlertController.swift */,
			);
			path = Main;
			sourceTree = "<group>";
		};
		4DD83CA922E8AA16002933DE /* Setting */ = {
			isa = PBXGroup;
			children = (
				4DD83C9D22E77953002933DE /* SettingsController.swift */,
				4DD83CB222E8FE2F002933DE /* SettingsProtocol.swift */,
				4DD83CB622E8FEF9002933DE /* SettingsHandlers+Ext.swift */,
				4DD83CB422E8FE87002933DE /* PreviewDraw+Ext.swift */,
			);
			path = Setting;
			sourceTree = "<group>";
		};
		8DA6815526C750330091DBD0 /* ViewModel */ = {
			isa = PBXGroup;
			children = (
				8DA6815626C750460091DBD0 /* CanvasViewModel.swift */,
				4D0943A629A9342B00C40E27 /* SettingsViewModel.swift */,
				4D2C642B29F22C8F000AF59E /* Extensions.swift */,
			);
			path = ViewModel;
			sourceTree = "<group>";
		};
/* End PBXGroup section */

/* Begin PBXNativeTarget section */
		4DA07C0C22E748250029882D /* iDibujo */ = {
			isa = PBXNativeTarget;
			buildConfigurationList = 4DA07C1F22E748260029882D /* Build configuration list for PBXNativeTarget "iDibujo" */;
			buildPhases = (
				4DA07C0922E748250029882D /* Sources */,
				4DA07C0A22E748250029882D /* Frameworks */,
				4DA07C0B22E748250029882D /* Resources */,
			);
			buildRules = (
			);
			dependencies = (
			);
			name = iDibujo;
			productName = iDibujo;
			productReference = 4DA07C0D22E748250029882D /* iDibujo.app */;
			productType = "com.apple.product-type.application";
		};
/* End PBXNativeTarget section */

/* Begin PBXProject section */
		4DA07C0522E748250029882D /* Project object */ = {
			isa = PBXProject;
			attributes = {
				LastSwiftUpdateCheck = 1030;
				LastUpgradeCheck = 1250;
				ORGANIZATIONNAME = "Israel Manzo";
				TargetAttributes = {
					4DA07C0C22E748250029882D = {
						CreatedOnToolsVersion = 10.3;
					};
				};
			};
			buildConfigurationList = 4DA07C0822E748250029882D /* Build configuration list for PBXProject "iDibujo" */;
			compatibilityVersion = "Xcode 9.3";
			developmentRegion = en;
			hasScannedForEncodings = 0;
			knownRegions = (
				en,
				Base,
				"es-419",
				ru,
				fr,
				"zh-Hans",
			);
			mainGroup = 4DA07C0422E748250029882D;
			productRefGroup = 4DA07C0E22E748250029882D /* Products */;
			projectDirPath = "";
			projectRoot = "";
			targets = (
				4DA07C0C22E748250029882D /* iDibujo */,
			);
		};
/* End PBXProject section */

/* Begin PBXResourcesBuildPhase section */
		4DA07C0B22E748250029882D /* Resources */ = {
			isa = PBXResourcesBuildPhase;
			buildActionMask = 2147483647;
			files = (
				4DA07C1B22E748260029882D /* LaunchScreen.storyboard in Resources */,
				4D0943AC29ABF8D000C40E27 /* Localizable.strings in Resources */,
				4DA07C1822E748260029882D /* Assets.xcassets in Resources */,
			);
			runOnlyForDeploymentPostprocessing = 0;
		};
/* End PBXResourcesBuildPhase section */

/* Begin PBXSourcesBuildPhase section */
		4DA07C0922E748250029882D /* Sources */ = {
			isa = PBXSourcesBuildPhase;
			buildActionMask = 2147483647;
			files = (
				4DD83CB322E8FE2F002933DE /* SettingsProtocol.swift in Sources */,
				4DD83C9E22E77953002933DE /* SettingsController.swift in Sources */,
				4DD83CAD22E8CB60002933DE /* MainHandlers+Ext.swift in Sources */,
				4D0943A529A930D700C40E27 /* Draw.swift in Sources */,
				4DD83CB522E8FE87002933DE /* PreviewDraw+Ext.swift in Sources */,
				4DA07C1322E748250029882D /* MainController.swift in Sources */,
				8DA6815726C750460091DBD0 /* CanvasViewModel.swift in Sources */,
				4D2C642C29F22C8F000AF59E /* Extensions.swift in Sources */,
				4DD83CB722E8FEF9002933DE /* SettingsHandlers+Ext.swift in Sources */,
				4D0943A729A9342B00C40E27 /* SettingsViewModel.swift in Sources */,
				4DA07C1122E748250029882D /* AppDelegate.swift in Sources */,
				4DD83CB122E8CBD4002933DE /* MainDelegate+Ext.swift in Sources */,
				4DD83CA522E7EE25002933DE /* SettingsView.swift in Sources */,
				4DD83CAB22E8CA81002933DE /* Drawing+Ext.swift in Sources */,
				4DD83CA722E7F064002933DE /* AlertController.swift in Sources */,
				4DD83CA322E77D19002933DE /* MainView.swift in Sources */,
				4DD83CAF22E8CB89002933DE /* SavePhotoHandler+Ext.swift in Sources */,
				4DD83C9C22E74C58002933DE /* Anchors+Ext.swift in Sources */,
				4D2C642A29F22C7C000AF59E /* Constants.swift in Sources */,
			);
			runOnlyForDeploymentPostprocessing = 0;
		};
/* End PBXSourcesBuildPhase section */

/* Begin PBXVariantGroup section */
		4D0943AE29ABF8D000C40E27 /* Localizable.strings */ = {
			isa = PBXVariantGroup;
			children = (
				4D0943AD29ABF8D000C40E27 /* en */,
				4D0943AF29ABF8D100C40E27 /* es-419 */,
				4D0943D229B143B300C40E27 /* ru */,
				4D0943D329B16E8000C40E27 /* fr */,
				4D0943D429B1957A00C40E27 /* zh-Hans */,
			);
			name = Localizable.strings;
			sourceTree = "<group>";
		};
		4DA07C1922E748260029882D /* LaunchScreen.storyboard */ = {
			isa = PBXVariantGroup;
			children = (
				4DA07C1A22E748260029882D /* Base */,
				4D0943AB29ABF7CE00C40E27 /* es-419 */,
			);
			name = LaunchScreen.storyboard;
			sourceTree = "<group>";
		};
/* End PBXVariantGroup section */

/* Begin XCBuildConfiguration section */
		4DA07C1D22E748260029882D /* Debug */ = {
			isa = XCBuildConfiguration;
			buildSettings = {
				ALWAYS_SEARCH_USER_PATHS = NO;
				CLANG_ANALYZER_LOCALIZABILITY_NONLOCALIZED = YES;
				CLANG_ANALYZER_NONNULL = YES;
				CLANG_ANALYZER_NUMBER_OBJECT_CONVERSION = YES_AGGRESSIVE;
				CLANG_CXX_LANGUAGE_STANDARD = "gnu++14";
				CLANG_CXX_LIBRARY = "libc++";
				CLANG_ENABLE_MODULES = YES;
				CLANG_ENABLE_OBJC_ARC = YES;
				CLANG_ENABLE_OBJC_WEAK = YES;
				CLANG_WARN_BLOCK_CAPTURE_AUTORELEASING = YES;
				CLANG_WARN_BOOL_CONVERSION = YES;
				CLANG_WARN_COMMA = YES;
				CLANG_WARN_CONSTANT_CONVERSION = YES;
				CLANG_WARN_DEPRECATED_OBJC_IMPLEMENTATIONS = YES;
				CLANG_WARN_DIRECT_OBJC_ISA_USAGE = YES_ERROR;
				CLANG_WARN_DOCUMENTATION_COMMENTS = YES;
				CLANG_WARN_EMPTY_BODY = YES;
				CLANG_WARN_ENUM_CONVERSION = YES;
				CLANG_WARN_INFINITE_RECURSION = YES;
				CLANG_WARN_INT_CONVERSION = YES;
				CLANG_WARN_NON_LITERAL_NULL_CONVERSION = YES;
				CLANG_WARN_OBJC_IMPLICIT_RETAIN_SELF = YES;
				CLANG_WARN_OBJC_LITERAL_CONVERSION = YES;
				CLANG_WARN_OBJC_ROOT_CLASS = YES_ERROR;
				CLANG_WARN_QUOTED_INCLUDE_IN_FRAMEWORK_HEADER = YES;
				CLANG_WARN_RANGE_LOOP_ANALYSIS = YES;
				CLANG_WARN_STRICT_PROTOTYPES = YES;
				CLANG_WARN_SUSPICIOUS_MOVE = YES;
				CLANG_WARN_UNGUARDED_AVAILABILITY = YES_AGGRESSIVE;
				CLANG_WARN_UNREACHABLE_CODE = YES;
				CLANG_WARN__DUPLICATE_METHOD_MATCH = YES;
				CODE_SIGN_IDENTITY = "iPhone Developer";
				COPY_PHASE_STRIP = NO;
				DEBUG_INFORMATION_FORMAT = dwarf;
				ENABLE_STRICT_OBJC_MSGSEND = YES;
				ENABLE_TESTABILITY = YES;
				GCC_C_LANGUAGE_STANDARD = gnu11;
				GCC_DYNAMIC_NO_PIC = NO;
				GCC_NO_COMMON_BLOCKS = YES;
				GCC_OPTIMIZATION_LEVEL = 0;
				GCC_PREPROCESSOR_DEFINITIONS = (
					"DEBUG=1",
					"$(inherited)",
				);
				GCC_WARN_64_TO_32_BIT_CONVERSION = YES;
				GCC_WARN_ABOUT_RETURN_TYPE = YES_ERROR;
				GCC_WARN_UNDECLARED_SELECTOR = YES;
				GCC_WARN_UNINITIALIZED_AUTOS = YES_AGGRESSIVE;
				GCC_WARN_UNUSED_FUNCTION = YES;
				GCC_WARN_UNUSED_VARIABLE = YES;
				IPHONEOS_DEPLOYMENT_TARGET = 12.4;
				MTL_ENABLE_DEBUG_INFO = INCLUDE_SOURCE;
				MTL_FAST_MATH = YES;
				ONLY_ACTIVE_ARCH = YES;
				SDKROOT = iphoneos;
				SWIFT_ACTIVE_COMPILATION_CONDITIONS = DEBUG;
				SWIFT_OPTIMIZATION_LEVEL = "-Onone";
			};
			name = Debug;
		};
		4DA07C1E22E748260029882D /* Release */ = {
			isa = XCBuildConfiguration;
			buildSettings = {
				ALWAYS_SEARCH_USER_PATHS = NO;
				CLANG_ANALYZER_LOCALIZABILITY_NONLOCALIZED = YES;
				CLANG_ANALYZER_NONNULL = YES;
				CLANG_ANALYZER_NUMBER_OBJECT_CONVERSION = YES_AGGRESSIVE;
				CLANG_CXX_LANGUAGE_STANDARD = "gnu++14";
				CLANG_CXX_LIBRARY = "libc++";
				CLANG_ENABLE_MODULES = YES;
				CLANG_ENABLE_OBJC_ARC = YES;
				CLANG_ENABLE_OBJC_WEAK = YES;
				CLANG_WARN_BLOCK_CAPTURE_AUTORELEASING = YES;
				CLANG_WARN_BOOL_CONVERSION = YES;
				CLANG_WARN_COMMA = YES;
				CLANG_WARN_CONSTANT_CONVERSION = YES;
				CLANG_WARN_DEPRECATED_OBJC_IMPLEMENTATIONS = YES;
				CLANG_WARN_DIRECT_OBJC_ISA_USAGE = YES_ERROR;
				CLANG_WARN_DOCUMENTATION_COMMENTS = YES;
				CLANG_WARN_EMPTY_BODY = YES;
				CLANG_WARN_ENUM_CONVERSION = YES;
				CLANG_WARN_INFINITE_RECURSION = YES;
				CLANG_WARN_INT_CONVERSION = YES;
				CLANG_WARN_NON_LITERAL_NULL_CONVERSION = YES;
				CLANG_WARN_OBJC_IMPLICIT_RETAIN_SELF = YES;
				CLANG_WARN_OBJC_LITERAL_CONVERSION = YES;
				CLANG_WARN_OBJC_ROOT_CLASS = YES_ERROR;
				CLANG_WARN_QUOTED_INCLUDE_IN_FRAMEWORK_HEADER = YES;
				CLANG_WARN_RANGE_LOOP_ANALYSIS = YES;
				CLANG_WARN_STRICT_PROTOTYPES = YES;
				CLANG_WARN_SUSPICIOUS_MOVE = YES;
				CLANG_WARN_UNGUARDED_AVAILABILITY = YES_AGGRESSIVE;
				CLANG_WARN_UNREACHABLE_CODE = YES;
				CLANG_WARN__DUPLICATE_METHOD_MATCH = YES;
				CODE_SIGN_IDENTITY = "iPhone Developer";
				COPY_PHASE_STRIP = NO;
				DEBUG_INFORMATION_FORMAT = "dwarf-with-dsym";
				ENABLE_NS_ASSERTIONS = NO;
				ENABLE_STRICT_OBJC_MSGSEND = YES;
				GCC_C_LANGUAGE_STANDARD = gnu11;
				GCC_NO_COMMON_BLOCKS = YES;
				GCC_WARN_64_TO_32_BIT_CONVERSION = YES;
				GCC_WARN_ABOUT_RETURN_TYPE = YES_ERROR;
				GCC_WARN_UNDECLARED_SELECTOR = YES;
				GCC_WARN_UNINITIALIZED_AUTOS = YES_AGGRESSIVE;
				GCC_WARN_UNUSED_FUNCTION = YES;
				GCC_WARN_UNUSED_VARIABLE = YES;
				IPHONEOS_DEPLOYMENT_TARGET = 12.4;
				MTL_ENABLE_DEBUG_INFO = NO;
				MTL_FAST_MATH = YES;
				SDKROOT = iphoneos;
				SWIFT_COMPILATION_MODE = wholemodule;
				SWIFT_OPTIMIZATION_LEVEL = "-O";
				VALIDATE_PRODUCT = YES;
			};
			name = Release;
		};
		4DA07C2022E748260029882D /* Debug */ = {
			isa = XCBuildConfiguration;
			buildSettings = {
				ASSETCATALOG_COMPILER_APPICON_NAME = AppIcon;
				CODE_SIGN_STYLE = Automatic;
				CURRENT_PROJECT_VERSION = 1;
				DEVELOPMENT_TEAM = G9TBJCK73T;
				INFOPLIST_FILE = iDibujo/Info.plist;
				INFOPLIST_KEY_CFBundleDisplayName = "iDibujo a Picture";
				IPHONEOS_DEPLOYMENT_TARGET = 16.2;
				LD_RUNPATH_SEARCH_PATHS = (
					"$(inherited)",
					"@executable_path/Frameworks",
				);
				MARKETING_VERSION = 1.2;
				PRODUCT_BUNDLE_IDENTIFIER = com.israelmanzo.iDibujo;
				PRODUCT_NAME = "$(TARGET_NAME)";
				SWIFT_VERSION = 5.0;
				TARGETED_DEVICE_FAMILY = "1,2";
			};
			name = Debug;
		};
		4DA07C2122E748260029882D /* Release */ = {
			isa = XCBuildConfiguration;
			buildSettings = {
				ASSETCATALOG_COMPILER_APPICON_NAME = AppIcon;
				CODE_SIGN_STYLE = Automatic;
				CURRENT_PROJECT_VERSION = 1;
				DEVELOPMENT_TEAM = G9TBJCK73T;
				INFOPLIST_FILE = iDibujo/Info.plist;
				INFOPLIST_KEY_CFBundleDisplayName = "iDibujo a Picture";
				IPHONEOS_DEPLOYMENT_TARGET = 16.2;
				LD_RUNPATH_SEARCH_PATHS = (
					"$(inherited)",
					"@executable_path/Frameworks",
				);
				MARKETING_VERSION = 1.2;
				PRODUCT_BUNDLE_IDENTIFIER = com.israelmanzo.iDibujo;
				PRODUCT_NAME = "$(TARGET_NAME)";
				SWIFT_VERSION = 5.0;
				TARGETED_DEVICE_FAMILY = "1,2";
			};
			name = Release;
		};
/* End XCBuildConfiguration section */

/* Begin XCConfigurationList section */
		4DA07C0822E748250029882D /* Build configuration list for PBXProject "iDibujo" */ = {
			isa = XCConfigurationList;
			buildConfigurations = (
				4DA07C1D22E748260029882D /* Debug */,
				4DA07C1E22E748260029882D /* Release */,
			);
			defaultConfigurationIsVisible = 0;
			defaultConfigurationName = Release;
		};
		4DA07C1F22E748260029882D /* Build configuration list for PBXNativeTarget "iDibujo" */ = {
			isa = XCConfigurationList;
			buildConfigurations = (
				4DA07C2022E748260029882D /* Debug */,
				4DA07C2122E748260029882D /* Release */,
			);
			defaultConfigurationIsVisible = 0;
			defaultConfigurationName = Release;
		};
/* End XCConfigurationList section */
	};
	rootObject = 4DA07C0522E748250029882D /* Project object */;
}
